// !$*UTF8*$!
{
	archiveVersion = 1;
	classes = {
	};
	objectVersion = 50;
	objects = {

/* Begin PBXBuildFile section */
		233ABB822448547A0015DBD1 /* GameViewController.swift in Sources */ = {isa = PBXBuildFile; fileRef = 233ABB812448547A0015DBD1 /* GameViewController.swift */; };
		233ABB8424485F730015DBD1 /* Square.swift in Sources */ = {isa = PBXBuildFile; fileRef = 233ABB8324485F730015DBD1 /* Square.swift */; };
		233ABB88244861530015DBD1 /* Board.swift in Sources */ = {isa = PBXBuildFile; fileRef = 233ABB87244861530015DBD1 /* Board.swift */; };
		233ABB8A244870600015DBD1 /* SquareButton.swift in Sources */ = {isa = PBXBuildFile; fileRef = 233ABB89244870600015DBD1 /* SquareButton.swift */; };
		233E14A6244659D1002C2828 /* AppDelegate.swift in Sources */ = {isa = PBXBuildFile; fileRef = 233E14A5244659D1002C2828 /* AppDelegate.swift */; };
		233E14A8244659D1002C2828 /* SceneDelegate.swift in Sources */ = {isa = PBXBuildFile; fileRef = 233E14A7244659D1002C2828 /* SceneDelegate.swift */; };
		233E14AD244659D1002C2828 /* Main.storyboard in Resources */ = {isa = PBXBuildFile; fileRef = 233E14AB244659D1002C2828 /* Main.storyboard */; };
		233E14AF244659D2002C2828 /* Assets.xcassets in Resources */ = {isa = PBXBuildFile; fileRef = 233E14AE244659D2002C2828 /* Assets.xcassets */; };
		233E14B2244659D2002C2828 /* LaunchScreen.storyboard in Resources */ = {isa = PBXBuildFile; fileRef = 233E14B0244659D2002C2828 /* LaunchScreen.storyboard */; };
		234557932459639500DF6B28 /* C.swift in Sources */ = {isa = PBXBuildFile; fileRef = 234557922459639500DF6B28 /* C.swift */; };
		2369320924581515000204BD /* RootViewController.swift in Sources */ = {isa = PBXBuildFile; fileRef = 2369320824581515000204BD /* RootViewController.swift */; };
		2369320F245846BB000204BD /* CustomSettingsController.swift in Sources */ = {isa = PBXBuildFile; fileRef = 2369320E245846BB000204BD /* CustomSettingsController.swift */; };
/* End PBXBuildFile section */

/* Begin PBXFileReference section */
		233ABB812448547A0015DBD1 /* GameViewController.swift */ = {isa = PBXFileReference; lastKnownFileType = sourcecode.swift; path = GameViewController.swift; sourceTree = "<group>"; };
		233ABB8324485F730015DBD1 /* Square.swift */ = {isa = PBXFileReference; lastKnownFileType = sourcecode.swift; path = Square.swift; sourceTree = "<group>"; };
		233ABB87244861530015DBD1 /* Board.swift */ = {isa = PBXFileReference; lastKnownFileType = sourcecode.swift; path = Board.swift; sourceTree = "<group>"; };
		233ABB89244870600015DBD1 /* SquareButton.swift */ = {isa = PBXFileReference; lastKnownFileType = sourcecode.swift; path = SquareButton.swift; sourceTree = "<group>"; };
		233E14A2244659D1002C2828 /* MineSweeper.app */ = {isa = PBXFileReference; explicitFileType = wrapper.application; includeInIndex = 0; path = MineSweeper.app; sourceTree = BUILT_PRODUCTS_DIR; };
		233E14A5244659D1002C2828 /* AppDelegate.swift */ = {isa = PBXFileReference; lastKnownFileType = sourcecode.swift; path = AppDelegate.swift; sourceTree = "<group>"; };
		233E14A7244659D1002C2828 /* SceneDelegate.swift */ = {isa = PBXFileReference; lastKnownFileType = sourcecode.swift; path = SceneDelegate.swift; sourceTree = "<group>"; };
		233E14AC244659D1002C2828 /* Base */ = {isa = PBXFileReference; lastKnownFileType = file.storyboard; name = Base; path = Base.lproj/Main.storyboard; sourceTree = "<group>"; };
		233E14AE244659D2002C2828 /* Assets.xcassets */ = {isa = PBXFileReference; lastKnownFileType = folder.assetcatalog; path = Assets.xcassets; sourceTree = "<group>"; };
		233E14B1244659D2002C2828 /* Base */ = {isa = PBXFileReference; lastKnownFileType = file.storyboard; name = Base; path = Base.lproj/LaunchScreen.storyboard; sourceTree = "<group>"; };
		233E14B3244659D2002C2828 /* Info.plist */ = {isa = PBXFileReference; lastKnownFileType = text.plist.xml; path = Info.plist; sourceTree = "<group>"; };
		234557922459639500DF6B28 /* C.swift */ = {isa = PBXFileReference; lastKnownFileType = sourcecode.swift; path = C.swift; sourceTree = "<group>"; };
		2369320824581515000204BD /* RootViewController.swift */ = {isa = PBXFileReference; lastKnownFileType = sourcecode.swift; path = RootViewController.swift; sourceTree = "<group>"; };
		2369320E245846BB000204BD /* CustomSettingsController.swift */ = {isa = PBXFileReference; lastKnownFileType = sourcecode.swift; path = CustomSettingsController.swift; sourceTree = "<group>"; };
/* End PBXFileReference section */

/* Begin PBXFrameworksBuildPhase section */
		233E149F244659D1002C2828 /* Frameworks */ = {
			isa = PBXFrameworksBuildPhase;
			buildActionMask = 2147483647;
			files = (
			);
			runOnlyForDeploymentPostprocessing = 0;
		};
/* End PBXFrameworksBuildPhase section */

/* Begin PBXGroup section */
		233E1499244659D1002C2828 = {
			isa = PBXGroup;
			children = (
				233E14A4244659D1002C2828 /* MineSweeper */,
				233E14A3244659D1002C2828 /* Products */,
			);
			sourceTree = "<group>";
		};
		233E14A3244659D1002C2828 /* Products */ = {
			isa = PBXGroup;
			children = (
				233E14A2244659D1002C2828 /* MineSweeper.app */,
			);
			name = Products;
			sourceTree = "<group>";
		};
		233E14A4244659D1002C2828 /* MineSweeper */ = {
			isa = PBXGroup;
			children = (
				233E14A5244659D1002C2828 /* AppDelegate.swift */,
				233E14A7244659D1002C2828 /* SceneDelegate.swift */,
				233E14AB244659D1002C2828 /* Main.storyboard */,
				233E14AE244659D2002C2828 /* Assets.xcassets */,
				233E14B0244659D2002C2828 /* LaunchScreen.storyboard */,
				233E14B3244659D2002C2828 /* Info.plist */,
				233ABB812448547A0015DBD1 /* GameViewController.swift */,
				233ABB8324485F730015DBD1 /* Square.swift */,
				233ABB87244861530015DBD1 /* Board.swift */,
				233ABB89244870600015DBD1 /* SquareButton.swift */,
				2369320824581515000204BD /* RootViewController.swift */,
				2369320E245846BB000204BD /* CustomSettingsController.swift */,
				234557922459639500DF6B28 /* C.swift */,
			);
			path = MineSweeper;
			sourceTree = "<group>";
		};
/* End PBXGroup section */

/* Begin PBXNativeTarget section */
		233E14A1244659D1002C2828 /* MineSweeper */ = {
			isa = PBXNativeTarget;
			buildConfigurationList = 233E14B6244659D2002C2828 /* Build configuration list for PBXNativeTarget "MineSweeper" */;
			buildPhases = (
				233E149E244659D1002C2828 /* Sources */,
				233E149F244659D1002C2828 /* Frameworks */,
				233E14A0244659D1002C2828 /* Resources */,
			);
			buildRules = (
			);
			dependencies = (
			);
			name = MineSweeper;
			productName = MineSweeper;
			productReference = 233E14A2244659D1002C2828 /* MineSweeper.app */;
			productType = "com.apple.product-type.application";
		};
/* End PBXNativeTarget section */

/* Begin PBXProject section */
		233E149A244659D1002C2828 /* Project object */ = {
			isa = PBXProject;
			attributes = {
				LastSwiftUpdateCheck = 1140;
				LastUpgradeCheck = 1140;
				ORGANIZATIONNAME = Liis;
				TargetAttributes = {
					233E14A1244659D1002C2828 = {
						CreatedOnToolsVersion = 11.4;
					};
				};
			};
			buildConfigurationList = 233E149D244659D1002C2828 /* Build configuration list for PBXProject "MineSweeper" */;
			compatibilityVersion = "Xcode 9.3";
			developmentRegion = en;
			hasScannedForEncodings = 0;
			knownRegions = (
				en,
				Base,
			);
			mainGroup = 233E1499244659D1002C2828;
			productRefGroup = 233E14A3244659D1002C2828 /* Products */;
			projectDirPath = "";
			projectRoot = "";
			targets = (
				233E14A1244659D1002C2828 /* MineSweeper */,
			);
		};
/* End PBXProject section */

/* Begin PBXResourcesBuildPhase section */
		233E14A0244659D1002C2828 /* Resources */ = {
			isa = PBXResourcesBuildPhase;
			buildActionMask = 2147483647;
			files = (
				233E14B2244659D2002C2828 /* LaunchScreen.storyboard in Resources */,
				233E14AF244659D2002C2828 /* Assets.xcassets in Resources */,
				233E14AD244659D1002C2828 /* Main.storyboard in Resources */,
			);
			runOnlyForDeploymentPostprocessing = 0;
		};
/* End PBXResourcesBuildPhase section */

/* Begin PBXSourcesBuildPhase section */
		233E149E244659D1002C2828 /* Sources */ = {
			isa = PBXSourcesBuildPhase;
			buildActionMask = 2147483647;
			files = (
				233ABB8424485F730015DBD1 /* Square.swift in Sources */,
				2369320F245846BB000204BD /* CustomSettingsController.swift in Sources */,
				234557932459639500DF6B28 /* C.swift in Sources */,
				233E14A6244659D1002C2828 /* AppDelegate.swift in Sources */,
				233ABB8A244870600015DBD1 /* SquareButton.swift in Sources */,
				2369320924581515000204BD /* RootViewController.swift in Sources */,
				233ABB88244861530015DBD1 /* Board.swift in Sources */,
				233ABB822448547A0015DBD1 /* GameViewController.swift in Sources */,
				233E14A8244659D1002C2828 /* SceneDelegate.swift in Sources */,
			);
			runOnlyForDeploymentPostprocessing = 0;
		};
/* End PBXSourcesBuildPhase section */

/* Begin PBXVariantGroup section */
		233E14AB244659D1002C2828 /* Main.storyboard */ = {
			isa = PBXVariantGroup;
			children = (
				233E14AC244659D1002C2828 /* Base */,
			);
			name = Main.storyboard;
			sourceTree = "<group>";
		};
		233E14B0244659D2002C2828 /* LaunchScreen.storyboard */ = {
			isa = PBXVariantGroup;
			children = (
				233E14B1244659D2002C2828 /* Base */,
			);
			name = LaunchScreen.storyboard;
			sourceTree = "<group>";
		};
/* End PBXVariantGroup section */

/* Begin XCBuildConfiguration section */
		233E14B4244659D2002C2828 /* Debug */ = {
			isa = XCBuildConfiguration;
			buildSettings = {
				ALWAYS_SEARCH_USER_PATHS = NO;
				CLANG_ANALYZER_NONNULL = YES;
				CLANG_ANALYZER_NUMBER_OBJECT_CONVERSION = YES_AGGRESSIVE;
				CLANG_CXX_LANGUAGE_STANDARD = "gnu++14";
				CLANG_CXX_LIBRARY = "libc++";
				CLANG_ENABLE_MODULES = YES;
				CLANG_ENABLE_OBJC_ARC = YES;
				CLANG_ENABLE_OBJC_WEAK = YES;
				CLANG_WARN_BLOCK_CAPTURE_AUTORELEASING = YES;
				CLANG_WARN_BOOL_CONVERSION = YES;
				CLANG_WARN_COMMA = YES;
				CLANG_WARN_CONSTANT_CONVERSION = YES;
				CLANG_WARN_DEPRECATED_OBJC_IMPLEMENTATIONS = YES;
				CLANG_WARN_DIRECT_OBJC_ISA_USAGE = YES_ERROR;
				CLANG_WARN_DOCUMENTATION_COMMENTS = YES;
				CLANG_WARN_EMPTY_BODY = YES;
				CLANG_WARN_ENUM_CONVERSION = YES;
				CLANG_WARN_INFINITE_RECURSION = YES;
				CLANG_WARN_INT_CONVERSION = YES;
				CLANG_WARN_NON_LITERAL_NULL_CONVERSION = YES;
				CLANG_WARN_OBJC_IMPLICIT_RETAIN_SELF = YES;
				CLANG_WARN_OBJC_LITERAL_CONVERSION = YES;
				CLANG_WARN_OBJC_ROOT_CLASS = YES_ERROR;
				CLANG_WARN_RANGE_LOOP_ANALYSIS = YES;
				CLANG_WARN_STRICT_PROTOTYPES = YES;
				CLANG_WARN_SUSPICIOUS_MOVE = YES;
				CLANG_WARN_UNGUARDED_AVAILABILITY = YES_AGGRESSIVE;
				CLANG_WARN_UNREACHABLE_CODE = YES;
				CLANG_WARN__DUPLICATE_METHOD_MATCH = YES;
				COPY_PHASE_STRIP = NO;
				DEBUG_INFORMATION_FORMAT = dwarf;
				ENABLE_STRICT_OBJC_MSGSEND = YES;
				ENABLE_TESTABILITY = YES;
				GCC_C_LANGUAGE_STANDARD = gnu11;
				GCC_DYNAMIC_NO_PIC = NO;
				GCC_NO_COMMON_BLOCKS = YES;
				GCC_OPTIMIZATION_LEVEL = 0;
				GCC_PREPROCESSOR_DEFINITIONS = (
					"DEBUG=1",
					"$(inherited)",
				);
				GCC_WARN_64_TO_32_BIT_CONVERSION = YES;
				GCC_WARN_ABOUT_RETURN_TYPE = YES_ERROR;
				GCC_WARN_UNDECLARED_SELECTOR = YES;
				GCC_WARN_UNINITIALIZED_AUTOS = YES_AGGRESSIVE;
				GCC_WARN_UNUSED_FUNCTION = YES;
				GCC_WARN_UNUSED_VARIABLE = YES;
				IPHONEOS_DEPLOYMENT_TARGET = 13.4;
				MTL_ENABLE_DEBUG_INFO = INCLUDE_SOURCE;
				MTL_FAST_MATH = YES;
				ONLY_ACTIVE_ARCH = YES;
				SDKROOT = iphoneos;
				SWIFT_ACTIVE_COMPILATION_CONDITIONS = DEBUG;
				SWIFT_OPTIMIZATION_LEVEL = "-Onone";
			};
			name = Debug;
		};
		233E14B5244659D2002C2828 /* Release */ = {
			isa = XCBuildConfiguration;
			buildSettings = {
				ALWAYS_SEARCH_USER_PATHS = NO;
				CLANG_ANALYZER_NONNULL = YES;
				CLANG_ANALYZER_NUMBER_OBJECT_CONVERSION = YES_AGGRESSIVE;
				CLANG_CXX_LANGUAGE_STANDARD = "gnu++14";
				CLANG_CXX_LIBRARY = "libc++";
				CLANG_ENABLE_MODULES = YES;
				CLANG_ENABLE_OBJC_ARC = YES;
				CLANG_ENABLE_OBJC_WEAK = YES;
				CLANG_WARN_BLOCK_CAPTURE_AUTORELEASING = YES;
				CLANG_WARN_BOOL_CONVERSION = YES;
				CLANG_WARN_COMMA = YES;
				CLANG_WARN_CONSTANT_CONVERSION = YES;
				CLANG_WARN_DEPRECATED_OBJC_IMPLEMENTATIONS = YES;
				CLANG_WARN_DIRECT_OBJC_ISA_USAGE = YES_ERROR;
				CLANG_WARN_DOCUMENTATION_COMMENTS = YES;
				CLANG_WARN_EMPTY_BODY = YES;
				CLANG_WARN_ENUM_CONVERSION = YES;
				CLANG_WARN_INFINITE_RECURSION = YES;
				CLANG_WARN_INT_CONVERSION = YES;
				CLANG_WARN_NON_LITERAL_NULL_CONVERSION = YES;
				CLANG_WARN_OBJC_IMPLICIT_RETAIN_SELF = YES;
				CLANG_WARN_OBJC_LITERAL_CONVERSION = YES;
				CLANG_WARN_OBJC_ROOT_CLASS = YES_ERROR;
				CLANG_WARN_RANGE_LOOP_ANALYSIS = YES;
				CLANG_WARN_STRICT_PROTOTYPES = YES;
				CLANG_WARN_SUSPICIOUS_MOVE = YES;
				CLANG_WARN_UNGUARDED_AVAILABILITY = YES_AGGRESSIVE;
				CLANG_WARN_UNREACHABLE_CODE = YES;
				CLANG_WARN__DUPLICATE_METHOD_MATCH = YES;
				COPY_PHASE_STRIP = NO;
				DEBUG_INFORMATION_FORMAT = "dwarf-with-dsym";
				ENABLE_NS_ASSERTIONS = NO;
				ENABLE_STRICT_OBJC_MSGSEND = YES;
				GCC_C_LANGUAGE_STANDARD = gnu11;
				GCC_NO_COMMON_BLOCKS = YES;
				GCC_WARN_64_TO_32_BIT_CONVERSION = YES;
				GCC_WARN_ABOUT_RETURN_TYPE = YES_ERROR;
				GCC_WARN_UNDECLARED_SELECTOR = YES;
				GCC_WARN_UNINITIALIZED_AUTOS = YES_AGGRESSIVE;
				GCC_WARN_UNUSED_FUNCTION = YES;
				GCC_WARN_UNUSED_VARIABLE = YES;
				IPHONEOS_DEPLOYMENT_TARGET = 13.4;
				MTL_ENABLE_DEBUG_INFO = NO;
				MTL_FAST_MATH = YES;
				SDKROOT = iphoneos;
				SWIFT_COMPILATION_MODE = wholemodule;
				SWIFT_OPTIMIZATION_LEVEL = "-O";
				VALIDATE_PRODUCT = YES;
			};
			name = Release;
		};
		233E14B7244659D2002C2828 /* Debug */ = {
			isa = XCBuildConfiguration;
			buildSettings = {
				ASSETCATALOG_COMPILER_APPICON_NAME = AppIcon;
				CODE_SIGN_STYLE = Automatic;
				INFOPLIST_FILE = MineSweeper/Info.plist;
				LD_RUNPATH_SEARCH_PATHS = (
					"$(inherited)",
					"@executable_path/Frameworks",
				);
				PRODUCT_BUNDLE_IDENTIFIER = ee.taltech.iti0213.MineSweeper;
				PRODUCT_NAME = "$(TARGET_NAME)";
				SWIFT_VERSION = 5.0;
				TARGETED_DEVICE_FAMILY = "1,2";
			};
			name = Debug;
		};
		233E14B8244659D2002C2828 /* Release */ = {
			isa = XCBuildConfiguration;
			buildSettings = {
				ASSETCATALOG_COMPILER_APPICON_NAME = AppIcon;
				CODE_SIGN_STYLE = Automatic;
				INFOPLIST_FILE = MineSweeper/Info.plist;
				LD_RUNPATH_SEARCH_PATHS = (
					"$(inherited)",
					"@executable_path/Frameworks",
				);
				PRODUCT_BUNDLE_IDENTIFIER = ee.taltech.iti0213.MineSweeper;
				PRODUCT_NAME = "$(TARGET_NAME)";
				SWIFT_VERSION = 5.0;
				TARGETED_DEVICE_FAMILY = "1,2";
			};
			name = Release;
		};
/* End XCBuildConfiguration section */

/* Begin XCConfigurationList section */
		233E149D244659D1002C2828 /* Build configuration list for PBXProject "MineSweeper" */ = {
			isa = XCConfigurationList;
			buildConfigurations = (
				233E14B4244659D2002C2828 /* Debug */,
				233E14B5244659D2002C2828 /* Release */,
			);
			defaultConfigurationIsVisible = 0;
			defaultConfigurationName = Release;
		};
		233E14B6244659D2002C2828 /* Build configuration list for PBXNativeTarget "MineSweeper" */ = {
			isa = XCConfigurationList;
			buildConfigurations = (
				233E14B7244659D2002C2828 /* Debug */,
				233E14B8244659D2002C2828 /* Release */,
			);
			defaultConfigurationIsVisible = 0;
			defaultConfigurationName = Release;
		};
/* End XCConfigurationList section */
	};
	rootObject = 233E149A244659D1002C2828 /* Project object */;
}
